
Microsoft Visual Studio Solution File, Format Version 12.00
# Visual Studio 15
Project("{FAE04EC0-301F-11D3-BF4B-00C04F79EFBC}") = "Strategy", "Strategy\Strategy.csproj", "{99869F25-7E6A-4E2F-9F3B-15F3B28B8AB4}"
EndProject
Project("{FAE04EC0-301F-11D3-BF4B-00C04F79EFBC}") = "Observer", "Observer\Observer.csproj", "{7CB80D8B-A655-435E-B7D1-BD8EE7796412}"
EndProject
Global
	GlobalSection(SolutionConfigurationPlatforms) = preSolution
		Debug|Any CPU = Debug|Any CPU
		Release|Any CPU = Release|Any CPU
	EndGlobalSection
	GlobalSection(ProjectConfigurationPlatforms) = postSolution
		{99869F25-7E6A-4E2F-9F3B-15F3B28B8AB4}.Debug|Any CPU.ActiveCfg = Debug|Any CPU
		{99869F25-7E6A-4E2F-9F3B-15F3B28B8AB4}.Debug|Any CPU.Build.0 = Debug|Any CPU
		{99869F25-7E6A-4E2F-9F3B-15F3B28B8AB4}.Release|Any CPU.ActiveCfg = Release|Any CPU
		{99869F25-7E6A-4E2F-9F3B-15F3B28B8AB4}.Release|Any CPU.Build.0 = Release|Any CPU
		{7CB80D8B-A655-435E-B7D1-BD8EE7796412}.Debug|Any CPU.ActiveCfg = Debug|Any CPU
		{7CB80D8B-A655-435E-B7D1-BD8EE7796412}.Debug|Any CPU.Build.0 = Debug|Any CPU
		{7CB80D8B-A655-435E-B7D1-BD8EE7796412}.Release|Any CPU.ActiveCfg = Release|Any CPU
		{7CB80D8B-A655-435E-B7D1-BD8EE7796412}.Release|Any CPU.Build.0 = Release|Any CPU
	EndGlobalSection
EndGlobal
